
Microsoft Visual Studio Solution File, Format Version 12.00
# Visual Studio 15
VisualStudioVersion = 15.0.28307.1705
MinimumVisualStudioVersion = 10.0.40219.1
Project("{FAE04EC0-301F-11D3-BF4B-00C04F79EFBC}") = "MARS_Repository", "MARS_Repository\MARS_Repository.csproj", "{B98D1504-D9E4-47C7-913E-C285339C1DB2}"
EndProject
Project("{FAE04EC0-301F-11D3-BF4B-00C04F79EFBC}") = "MARS_Web", "MARS_Web\MARS_Web.csproj", "{D913B839-5EAF-4A53-8788-1EAD5B9B2787}"
EndProject
Project("{FAE04EC0-301F-11D3-BF4B-00C04F79EFBC}") = "MARS_Api", "MARS_Api\MARS_Api.csproj", "{48188A9A-74C4-40AB-B0C4-FA18009C5118}"
EndProject
Project("{FAE04EC0-301F-11D3-BF4B-00C04F79EFBC}") = "MARSWebUnitTest", "MARSWebUnitTest\MARSWebUnitTest.csproj", "{05812705-F822-4ECE-BD40-41F5A138A1F1}"
EndProject
Project("{FAE04EC0-301F-11D3-BF4B-00C04F79EFBC}") = "Mars_Serialization", "Mars_Serialization\Mars_Serialization.csproj", "{35E9F246-4664-453E-8E09-1E3C4DFDB3FA}"
EndProject
Global
	GlobalSection(SolutionConfigurationPlatforms) = preSolution
		Debug|Any CPU = Debug|Any CPU
		Release|Any CPU = Release|Any CPU
	EndGlobalSection
	GlobalSection(ProjectConfigurationPlatforms) = postSolution
		{B98D1504-D9E4-47C7-913E-C285339C1DB2}.Debug|Any CPU.ActiveCfg = Debug|Any CPU
		{B98D1504-D9E4-47C7-913E-C285339C1DB2}.Debug|Any CPU.Build.0 = Debug|Any CPU
		{B98D1504-D9E4-47C7-913E-C285339C1DB2}.Release|Any CPU.ActiveCfg = Release|Any CPU
		{B98D1504-D9E4-47C7-913E-C285339C1DB2}.Release|Any CPU.Build.0 = Release|Any CPU
		{D913B839-5EAF-4A53-8788-1EAD5B9B2787}.Debug|Any CPU.ActiveCfg = Debug|Any CPU
		{D913B839-5EAF-4A53-8788-1EAD5B9B2787}.Debug|Any CPU.Build.0 = Debug|Any CPU
		{D913B839-5EAF-4A53-8788-1EAD5B9B2787}.Release|Any CPU.ActiveCfg = Release|Any CPU
		{D913B839-5EAF-4A53-8788-1EAD5B9B2787}.Release|Any CPU.Build.0 = Release|Any CPU
		{48188A9A-74C4-40AB-B0C4-FA18009C5118}.Debug|Any CPU.ActiveCfg = Debug|Any CPU
		{48188A9A-74C4-40AB-B0C4-FA18009C5118}.Debug|Any CPU.Build.0 = Debug|Any CPU
		{48188A9A-74C4-40AB-B0C4-FA18009C5118}.Release|Any CPU.ActiveCfg = Release|Any CPU
		{48188A9A-74C4-40AB-B0C4-FA18009C5118}.Release|Any CPU.Build.0 = Release|Any CPU
		{05812705-F822-4ECE-BD40-41F5A138A1F1}.Debug|Any CPU.ActiveCfg = Debug|Any CPU
		{05812705-F822-4ECE-BD40-41F5A138A1F1}.Debug|Any CPU.Build.0 = Debug|Any CPU
		{05812705-F822-4ECE-BD40-41F5A138A1F1}.Release|Any CPU.ActiveCfg = Release|Any CPU
		{05812705-F822-4ECE-BD40-41F5A138A1F1}.Release|Any CPU.Build.0 = Release|Any CPU
		{35E9F246-4664-453E-8E09-1E3C4DFDB3FA}.Debug|Any CPU.ActiveCfg = Debug|Any CPU
		{35E9F246-4664-453E-8E09-1E3C4DFDB3FA}.Debug|Any CPU.Build.0 = Debug|Any CPU
		{35E9F246-4664-453E-8E09-1E3C4DFDB3FA}.Release|Any CPU.ActiveCfg = Release|Any CPU
		{35E9F246-4664-453E-8E09-1E3C4DFDB3FA}.Release|Any CPU.Build.0 = Release|Any CPU
	EndGlobalSection
	GlobalSection(SolutionProperties) = preSolution
		HideSolutionNode = FALSE
	EndGlobalSection
	GlobalSection(ExtensibilityGlobals) = postSolution
		SolutionGuid = {18B0036A-7810-4F84-A1DB-F26706124384}
	EndGlobalSection
EndGlobal
