
Microsoft Visual Studio Solution File, Format Version 12.00
# Visual Studio 15
VisualStudioVersion = 15.0.28307.902
MinimumVisualStudioVersion = 10.0.40219.1
Project("{FAE04EC0-301F-11D3-BF4B-00C04F79EFBC}") = "MARSUtility", "MARSUtility\MARSUtility.csproj", "{4CAE5148-C588-4195-B639-83DC6683A3DC}"
EndProject
Project("{FAE04EC0-301F-11D3-BF4B-00C04F79EFBC}") = "MarsConsole", "MarsConsole\MarsConsole.csproj", "{BFAEF902-8681-4154-8045-24DF1317D89B}"
EndProject
Global
	GlobalSection(SolutionConfigurationPlatforms) = preSolution
		Debug|Any CPU = Debug|Any CPU
		Release|Any CPU = Release|Any CPU
	EndGlobalSection
	GlobalSection(ProjectConfigurationPlatforms) = postSolution
		{4CAE5148-C588-4195-B639-83DC6683A3DC}.Debug|Any CPU.ActiveCfg = Debug|Any CPU
		{4CAE5148-C588-4195-B639-83DC6683A3DC}.Debug|Any CPU.Build.0 = Debug|Any CPU
		{4CAE5148-C588-4195-B639-83DC6683A3DC}.Release|Any CPU.ActiveCfg = Release|Any CPU
		{4CAE5148-C588-4195-B639-83DC6683A3DC}.Release|Any CPU.Build.0 = Release|Any CPU
		{BFAEF902-8681-4154-8045-24DF1317D89B}.Debug|Any CPU.ActiveCfg = Debug|Any CPU
		{BFAEF902-8681-4154-8045-24DF1317D89B}.Debug|Any CPU.Build.0 = Debug|Any CPU
		{BFAEF902-8681-4154-8045-24DF1317D89B}.Release|Any CPU.ActiveCfg = Release|Any CPU
		{BFAEF902-8681-4154-8045-24DF1317D89B}.Release|Any CPU.Build.0 = Release|Any CPU
	EndGlobalSection
	GlobalSection(SolutionProperties) = preSolution
		HideSolutionNode = FALSE
	EndGlobalSection
	GlobalSection(ExtensibilityGlobals) = postSolution
		SolutionGuid = {5345FEBD-12CC-4C71-A5F6-A8678BACAC6E}
	EndGlobalSection
EndGlobal
