
Microsoft Visual Studio Solution File, Format Version 12.00
# Visual Studio Version 17
VisualStudioVersion = 17.2.32505.173
MinimumVisualStudioVersion = 10.0.40219.1
Project("{9A19103F-16F7-4668-BE54-9A1E7A4F7556}") = "myGitTest", "myGitTest.csproj", "{B57650FF-3C7C-4C3F-A4C7-08A0DB3A0337}"
EndProject
Project("{FAE04EC0-301F-11D3-BF4B-00C04F79EFBC}") = "ConsoleApp1", "..\ConsoleApp1\ConsoleApp1.csproj", "{80C82F28-1C43-4506-A5D8-6A884999DEF9}"
EndProject
Project("{FAE04EC0-301F-11D3-BF4B-00C04F79EFBC}") = "ConsoleApp2", "..\ConsoleApp2\ConsoleApp2.csproj", "{96796CBA-97A4-49DB-9023-C00C07E08925}"
EndProject
Global
	GlobalSection(SolutionConfigurationPlatforms) = preSolution
		Debug|Any CPU = Debug|Any CPU
		Release|Any CPU = Release|Any CPU
	EndGlobalSection
	GlobalSection(ProjectConfigurationPlatforms) = postSolution
		{B57650FF-3C7C-4C3F-A4C7-08A0DB3A0337}.Debug|Any CPU.ActiveCfg = Debug|Any CPU
		{B57650FF-3C7C-4C3F-A4C7-08A0DB3A0337}.Debug|Any CPU.Build.0 = Debug|Any CPU
		{B57650FF-3C7C-4C3F-A4C7-08A0DB3A0337}.Release|Any CPU.ActiveCfg = Release|Any CPU
		{B57650FF-3C7C-4C3F-A4C7-08A0DB3A0337}.Release|Any CPU.Build.0 = Release|Any CPU
		{80C82F28-1C43-4506-A5D8-6A884999DEF9}.Debug|Any CPU.ActiveCfg = Debug|Any CPU
		{80C82F28-1C43-4506-A5D8-6A884999DEF9}.Debug|Any CPU.Build.0 = Debug|Any CPU
		{80C82F28-1C43-4506-A5D8-6A884999DEF9}.Release|Any CPU.ActiveCfg = Release|Any CPU
		{80C82F28-1C43-4506-A5D8-6A884999DEF9}.Release|Any CPU.Build.0 = Release|Any CPU
		{96796CBA-97A4-49DB-9023-C00C07E08925}.Debug|Any CPU.ActiveCfg = Debug|Any CPU
		{96796CBA-97A4-49DB-9023-C00C07E08925}.Debug|Any CPU.Build.0 = Debug|Any CPU
		{96796CBA-97A4-49DB-9023-C00C07E08925}.Release|Any CPU.ActiveCfg = Release|Any CPU
		{96796CBA-97A4-49DB-9023-C00C07E08925}.Release|Any CPU.Build.0 = Release|Any CPU
	EndGlobalSection
	GlobalSection(SolutionProperties) = preSolution
		HideSolutionNode = FALSE
	EndGlobalSection
	GlobalSection(ExtensibilityGlobals) = postSolution
		SolutionGuid = {C7FFB791-719F-43FA-AC76-2A8D33BEB4E6}
	EndGlobalSection
EndGlobal
